
Microsoft Visual Studio Solution File, Format Version 12.00
# Visual Studio 15
VisualStudioVersion = 15.0.27130.2026
MinimumVisualStudioVersion = 10.0.40219.1
Project("{2150E333-8FDC-42A3-9474-1A3956D46DE8}") = "00 Utils", "00 Utils", "{256AFEB3-FFDA-4831-937E-F55AD9BAAD6B}"
EndProject
Project("{FAE04EC0-301F-11D3-BF4B-00C04F79EFBC}") = "Utils.Cache", "Utils.Cache\Utils.Cache.csproj", "{24B32348-2FAD-44C5-B05B-F84A77340AC6}"
EndProject
Project("{FAE04EC0-301F-11D3-BF4B-00C04F79EFBC}") = "Utils.Extensions", "Utils.Extensions\Utils.Extensions.csproj", "{DD94A458-1513-464B-928D-200FF28953C5}"
EndProject
Project("{2150E333-8FDC-42A3-9474-1A3956D46DE8}") = "01 Core", "01 Core", "{8C923927-3CCF-4686-AB92-6431C53A6E66}"
EndProject
Project("{FAE04EC0-301F-11D3-BF4B-00C04F79EFBC}") = "Cimplicity.Views.Common.Web", "Cimplicity.Views.Common.Web\Cimplicity.Views.Common.Web.csproj", "{9C65C252-9FC2-4AAC-A168-87BB9BE99D45}"
EndProject
Project("{FAE04EC0-301F-11D3-BF4B-00C04F79EFBC}") = "Cimplicity.Views.Data", "Cimplicity.Views.Data\Cimplicity.Views.Data.csproj", "{786EA838-CDC3-4009-9BDE-D672C52485D5}"
EndProject
Project("{FAE04EC0-301F-11D3-BF4B-00C04F79EFBC}") = "Cimplicity.Views.Data.Sql", "Cimplicity.Views.Data.Sql\Cimplicity.Views.Data.Sql.csproj", "{D3F14734-8CC4-45E3-8362-85BCD917A60E}"
EndProject
Project("{FAE04EC0-301F-11D3-BF4B-00C04F79EFBC}") = "Cimplicity.Views.Domain", "Cimplicity.Views.Domain\Cimplicity.Views.Domain.csproj", "{550341EA-CB84-4916-AA38-377467DA37C7}"
EndProject
Project("{FAE04EC0-301F-11D3-BF4B-00C04F79EFBC}") = "Cimplicity.Views.Infrastructure", "Cimplicity.Views.Infrastructure\Cimplicity.Views.Infrastructure.csproj", "{5BEACC4D-4B84-428A-89F3-C0E8AA317064}"
EndProject
Project("{FAE04EC0-301F-11D3-BF4B-00C04F79EFBC}") = "Cimplicity.Views.Application", "Cimplicity.Views.Application\Cimplicity.Views.Application.csproj", "{EBC23844-BE92-49D7-B895-A0A925504102}"
EndProject
Project("{2150E333-8FDC-42A3-9474-1A3956D46DE8}") = "03 FrontEnd", "03 FrontEnd", "{B0507AEC-E903-4640-97D4-63D2F6AFF970}"
EndProject
Project("{2150E333-8FDC-42A3-9474-1A3956D46DE8}") = "03 Service", "03 Service", "{ED61188D-033B-4849-89C5-7B402E6E1596}"
EndProject
Project("{FAE04EC0-301F-11D3-BF4B-00C04F79EFBC}") = "Cimplicity.Views.WebApi", "Cimplicity.Views.WebApi\Cimplicity.Views.WebApi.csproj", "{8048392A-879D-4609-B561-52C00D849F5A}"
EndProject
Project("{FAE04EC0-301F-11D3-BF4B-00C04F79EFBC}") = "Cimplicity.Views.Tests", "Cimplicity.Views.Tests\Cimplicity.Views.Tests.csproj", "{234B3CF1-D9B5-4ECD-AD41-143DF81A80BB}"
EndProject
Project("{FAE04EC0-301F-11D3-BF4B-00C04F79EFBC}") = "Utils.Data.DatabaseClient", "Utils.Data.DatabaseClient\Utils.Data.DatabaseClient.csproj", "{DFA99E27-A267-4D1E-962F-47B7CD9973AF}"
EndProject
Project("{9A19103F-16F7-4668-BE54-9A1E7A4F7556}") = "Cimplicity.Views.WebClient", "Cimplicity.Views.WebClient\Cimplicity.Views.WebClient.csproj", "{91CA6390-6B50-4A6B-ABEC-DC9D9732A083}"
EndProject
Project("{2150E333-8FDC-42A3-9474-1A3956D46DE8}") = "00 nuget", "00 nuget", "{9D920EE6-E693-4484-BE00-F84BBEAE4616}"
	ProjectSection(SolutionItems) = preProject
		Cimplicity.Views.WebClient\app\index.html = Cimplicity.Views.WebClient\app\index.html
		NuGet.config = NuGet.config
	EndProjectSection
EndProject
Global
	GlobalSection(SolutionConfigurationPlatforms) = preSolution
		Debug|Any CPU = Debug|Any CPU
		Deploy|Any CPU = Deploy|Any CPU
		Release|Any CPU = Release|Any CPU
	EndGlobalSection
	GlobalSection(ProjectConfigurationPlatforms) = postSolution
		{24B32348-2FAD-44C5-B05B-F84A77340AC6}.Debug|Any CPU.ActiveCfg = Debug|Any CPU
		{24B32348-2FAD-44C5-B05B-F84A77340AC6}.Debug|Any CPU.Build.0 = Debug|Any CPU
		{24B32348-2FAD-44C5-B05B-F84A77340AC6}.Deploy|Any CPU.ActiveCfg = Deploy|Any CPU
		{24B32348-2FAD-44C5-B05B-F84A77340AC6}.Deploy|Any CPU.Build.0 = Deploy|Any CPU
		{24B32348-2FAD-44C5-B05B-F84A77340AC6}.Release|Any CPU.ActiveCfg = Release|Any CPU
		{24B32348-2FAD-44C5-B05B-F84A77340AC6}.Release|Any CPU.Build.0 = Release|Any CPU
		{DD94A458-1513-464B-928D-200FF28953C5}.Debug|Any CPU.ActiveCfg = Debug|Any CPU
		{DD94A458-1513-464B-928D-200FF28953C5}.Debug|Any CPU.Build.0 = Debug|Any CPU
		{DD94A458-1513-464B-928D-200FF28953C5}.Deploy|Any CPU.ActiveCfg = Deploy|Any CPU
		{DD94A458-1513-464B-928D-200FF28953C5}.Deploy|Any CPU.Build.0 = Deploy|Any CPU
		{DD94A458-1513-464B-928D-200FF28953C5}.Release|Any CPU.ActiveCfg = Release|Any CPU
		{DD94A458-1513-464B-928D-200FF28953C5}.Release|Any CPU.Build.0 = Release|Any CPU
		{9C65C252-9FC2-4AAC-A168-87BB9BE99D45}.Debug|Any CPU.ActiveCfg = Debug|Any CPU
		{9C65C252-9FC2-4AAC-A168-87BB9BE99D45}.Debug|Any CPU.Build.0 = Debug|Any CPU
		{9C65C252-9FC2-4AAC-A168-87BB9BE99D45}.Deploy|Any CPU.ActiveCfg = Debug|Any CPU
		{9C65C252-9FC2-4AAC-A168-87BB9BE99D45}.Deploy|Any CPU.Build.0 = Debug|Any CPU
		{9C65C252-9FC2-4AAC-A168-87BB9BE99D45}.Release|Any CPU.ActiveCfg = Release|Any CPU
		{9C65C252-9FC2-4AAC-A168-87BB9BE99D45}.Release|Any CPU.Build.0 = Release|Any CPU
		{786EA838-CDC3-4009-9BDE-D672C52485D5}.Debug|Any CPU.ActiveCfg = Debug|Any CPU
		{786EA838-CDC3-4009-9BDE-D672C52485D5}.Debug|Any CPU.Build.0 = Debug|Any CPU
		{786EA838-CDC3-4009-9BDE-D672C52485D5}.Deploy|Any CPU.ActiveCfg = Debug|Any CPU
		{786EA838-CDC3-4009-9BDE-D672C52485D5}.Deploy|Any CPU.Build.0 = Debug|Any CPU
		{786EA838-CDC3-4009-9BDE-D672C52485D5}.Release|Any CPU.ActiveCfg = Release|Any CPU
		{786EA838-CDC3-4009-9BDE-D672C52485D5}.Release|Any CPU.Build.0 = Release|Any CPU
		{D3F14734-8CC4-45E3-8362-85BCD917A60E}.Debug|Any CPU.ActiveCfg = Debug|Any CPU
		{D3F14734-8CC4-45E3-8362-85BCD917A60E}.Debug|Any CPU.Build.0 = Debug|Any CPU
		{D3F14734-8CC4-45E3-8362-85BCD917A60E}.Deploy|Any CPU.ActiveCfg = Debug|Any CPU
		{D3F14734-8CC4-45E3-8362-85BCD917A60E}.Deploy|Any CPU.Build.0 = Debug|Any CPU
		{D3F14734-8CC4-45E3-8362-85BCD917A60E}.Release|Any CPU.ActiveCfg = Release|Any CPU
		{D3F14734-8CC4-45E3-8362-85BCD917A60E}.Release|Any CPU.Build.0 = Release|Any CPU
		{550341EA-CB84-4916-AA38-377467DA37C7}.Debug|Any CPU.ActiveCfg = Debug|Any CPU
		{550341EA-CB84-4916-AA38-377467DA37C7}.Debug|Any CPU.Build.0 = Debug|Any CPU
		{550341EA-CB84-4916-AA38-377467DA37C7}.Deploy|Any CPU.ActiveCfg = Debug|Any CPU
		{550341EA-CB84-4916-AA38-377467DA37C7}.Deploy|Any CPU.Build.0 = Debug|Any CPU
		{550341EA-CB84-4916-AA38-377467DA37C7}.Release|Any CPU.ActiveCfg = Release|Any CPU
		{550341EA-CB84-4916-AA38-377467DA37C7}.Release|Any CPU.Build.0 = Release|Any CPU
		{5BEACC4D-4B84-428A-89F3-C0E8AA317064}.Debug|Any CPU.ActiveCfg = Debug|Any CPU
		{5BEACC4D-4B84-428A-89F3-C0E8AA317064}.Debug|Any CPU.Build.0 = Debug|Any CPU
		{5BEACC4D-4B84-428A-89F3-C0E8AA317064}.Deploy|Any CPU.ActiveCfg = Debug|Any CPU
		{5BEACC4D-4B84-428A-89F3-C0E8AA317064}.Deploy|Any CPU.Build.0 = Debug|Any CPU
		{5BEACC4D-4B84-428A-89F3-C0E8AA317064}.Release|Any CPU.ActiveCfg = Release|Any CPU
		{5BEACC4D-4B84-428A-89F3-C0E8AA317064}.Release|Any CPU.Build.0 = Release|Any CPU
		{EBC23844-BE92-49D7-B895-A0A925504102}.Debug|Any CPU.ActiveCfg = Debug|Any CPU
		{EBC23844-BE92-49D7-B895-A0A925504102}.Debug|Any CPU.Build.0 = Debug|Any CPU
		{EBC23844-BE92-49D7-B895-A0A925504102}.Deploy|Any CPU.ActiveCfg = Debug|Any CPU
		{EBC23844-BE92-49D7-B895-A0A925504102}.Deploy|Any CPU.Build.0 = Debug|Any CPU
		{EBC23844-BE92-49D7-B895-A0A925504102}.Release|Any CPU.ActiveCfg = Release|Any CPU
		{EBC23844-BE92-49D7-B895-A0A925504102}.Release|Any CPU.Build.0 = Release|Any CPU
		{8048392A-879D-4609-B561-52C00D849F5A}.Debug|Any CPU.ActiveCfg = Debug|Any CPU
		{8048392A-879D-4609-B561-52C00D849F5A}.Debug|Any CPU.Build.0 = Debug|Any CPU
		{8048392A-879D-4609-B561-52C00D849F5A}.Deploy|Any CPU.ActiveCfg = Debug|Any CPU
		{8048392A-879D-4609-B561-52C00D849F5A}.Deploy|Any CPU.Build.0 = Debug|Any CPU
		{8048392A-879D-4609-B561-52C00D849F5A}.Release|Any CPU.ActiveCfg = Release|Any CPU
		{8048392A-879D-4609-B561-52C00D849F5A}.Release|Any CPU.Build.0 = Release|Any CPU
		{234B3CF1-D9B5-4ECD-AD41-143DF81A80BB}.Debug|Any CPU.ActiveCfg = Debug|Any CPU
		{234B3CF1-D9B5-4ECD-AD41-143DF81A80BB}.Debug|Any CPU.Build.0 = Debug|Any CPU
		{234B3CF1-D9B5-4ECD-AD41-143DF81A80BB}.Deploy|Any CPU.ActiveCfg = Debug|Any CPU
		{234B3CF1-D9B5-4ECD-AD41-143DF81A80BB}.Deploy|Any CPU.Build.0 = Debug|Any CPU
		{234B3CF1-D9B5-4ECD-AD41-143DF81A80BB}.Release|Any CPU.ActiveCfg = Release|Any CPU
		{234B3CF1-D9B5-4ECD-AD41-143DF81A80BB}.Release|Any CPU.Build.0 = Release|Any CPU
		{DFA99E27-A267-4D1E-962F-47B7CD9973AF}.Debug|Any CPU.ActiveCfg = Debug|Any CPU
		{DFA99E27-A267-4D1E-962F-47B7CD9973AF}.Debug|Any CPU.Build.0 = Debug|Any CPU
		{DFA99E27-A267-4D1E-962F-47B7CD9973AF}.Deploy|Any CPU.ActiveCfg = Debug|Any CPU
		{DFA99E27-A267-4D1E-962F-47B7CD9973AF}.Deploy|Any CPU.Build.0 = Debug|Any CPU
		{DFA99E27-A267-4D1E-962F-47B7CD9973AF}.Release|Any CPU.ActiveCfg = Release|Any CPU
		{DFA99E27-A267-4D1E-962F-47B7CD9973AF}.Release|Any CPU.Build.0 = Release|Any CPU
		{91CA6390-6B50-4A6B-ABEC-DC9D9732A083}.Debug|Any CPU.ActiveCfg = Debug|Any CPU
		{91CA6390-6B50-4A6B-ABEC-DC9D9732A083}.Debug|Any CPU.Build.0 = Debug|Any CPU
		{91CA6390-6B50-4A6B-ABEC-DC9D9732A083}.Deploy|Any CPU.ActiveCfg = Debug|Any CPU
		{91CA6390-6B50-4A6B-ABEC-DC9D9732A083}.Deploy|Any CPU.Build.0 = Debug|Any CPU
		{91CA6390-6B50-4A6B-ABEC-DC9D9732A083}.Release|Any CPU.ActiveCfg = Release|Any CPU
		{91CA6390-6B50-4A6B-ABEC-DC9D9732A083}.Release|Any CPU.Build.0 = Release|Any CPU
	EndGlobalSection
	GlobalSection(SolutionProperties) = preSolution
		HideSolutionNode = FALSE
	EndGlobalSection
	GlobalSection(NestedProjects) = preSolution
		{24B32348-2FAD-44C5-B05B-F84A77340AC6} = {256AFEB3-FFDA-4831-937E-F55AD9BAAD6B}
		{DD94A458-1513-464B-928D-200FF28953C5} = {256AFEB3-FFDA-4831-937E-F55AD9BAAD6B}
		{9C65C252-9FC2-4AAC-A168-87BB9BE99D45} = {8C923927-3CCF-4686-AB92-6431C53A6E66}
		{786EA838-CDC3-4009-9BDE-D672C52485D5} = {8C923927-3CCF-4686-AB92-6431C53A6E66}
		{D3F14734-8CC4-45E3-8362-85BCD917A60E} = {8C923927-3CCF-4686-AB92-6431C53A6E66}
		{550341EA-CB84-4916-AA38-377467DA37C7} = {8C923927-3CCF-4686-AB92-6431C53A6E66}
		{5BEACC4D-4B84-428A-89F3-C0E8AA317064} = {8C923927-3CCF-4686-AB92-6431C53A6E66}
		{EBC23844-BE92-49D7-B895-A0A925504102} = {8C923927-3CCF-4686-AB92-6431C53A6E66}
		{8048392A-879D-4609-B561-52C00D849F5A} = {ED61188D-033B-4849-89C5-7B402E6E1596}
		{DFA99E27-A267-4D1E-962F-47B7CD9973AF} = {256AFEB3-FFDA-4831-937E-F55AD9BAAD6B}
		{91CA6390-6B50-4A6B-ABEC-DC9D9732A083} = {B0507AEC-E903-4640-97D4-63D2F6AFF970}
	EndGlobalSection
	GlobalSection(ExtensibilityGlobals) = postSolution
		SolutionGuid = {B3B766ED-F55B-48DC-8156-4A387249C409}
	EndGlobalSection
EndGlobal
